// !$*UTF8*$!
{
	archiveVersion = 1;
	classes = {
	};
	objectVersion = 50;
	objects = {

/* Begin PBXBuildFile section */
		EA2E60E7226AFE5100CD72F3 /* CoreDataHelper.swift in Sources */ = {isa = PBXBuildFile; fileRef = EA2E60E6226AFE5100CD72F3 /* CoreDataHelper.swift */; };
		EA2E60F2226AFE6C00CD72F3 /* RSSHelper.swift in Sources */ = {isa = PBXBuildFile; fileRef = EA2E60F1226AFE6C00CD72F3 /* RSSHelper.swift */; };
		EA2E60F4226B080800CD72F3 /* Extension.swift in Sources */ = {isa = PBXBuildFile; fileRef = EA2E60F3226B080800CD72F3 /* Extension.swift */; };
		EA5CDD72226C3AA600CC7581 /* Pods_rss.framework in Frameworks */ = {isa = PBXBuildFile; fileRef = BF5C36798489EA3C3D563D73 /* Pods_rss.framework */; };
		EAC3D7EF226A25CB00D7B5C5 /* MainTableViewController.swift in Sources */ = {isa = PBXBuildFile; fileRef = EAC3D7EE226A25CB00D7B5C5 /* MainTableViewController.swift */; };
		EAC3D7F5226A26BE00D7B5C5 /* FeedItemCell.swift in Sources */ = {isa = PBXBuildFile; fileRef = EAC3D7F4226A26BE00D7B5C5 /* FeedItemCell.swift */; };
		EAE0792122858B7C00DA010B /* FeedNameCell.swift in Sources */ = {isa = PBXBuildFile; fileRef = EAE0792022858B7C00DA010B /* FeedNameCell.swift */; };
		EAEEAD0E2269C569005E1C2A /* AppDelegate.swift in Sources */ = {isa = PBXBuildFile; fileRef = EAEEAD0D2269C569005E1C2A /* AppDelegate.swift */; };
		EAEEAD132269C569005E1C2A /* Main.storyboard in Resources */ = {isa = PBXBuildFile; fileRef = EAEEAD112269C569005E1C2A /* Main.storyboard */; };
		EAEEAD162269C569005E1C2A /* rss.xcdatamodeld in Sources */ = {isa = PBXBuildFile; fileRef = EAEEAD142269C569005E1C2A /* rss.xcdatamodeld */; };
		EAEEAD182269C56C005E1C2A /* Assets.xcassets in Resources */ = {isa = PBXBuildFile; fileRef = EAEEAD172269C56C005E1C2A /* Assets.xcassets */; };
		EAEEAD1B2269C56C005E1C2A /* LaunchScreen.storyboard in Resources */ = {isa = PBXBuildFile; fileRef = EAEEAD192269C56C005E1C2A /* LaunchScreen.storyboard */; };
/* End PBXBuildFile section */

/* Begin PBXCopyFilesBuildPhase section */
		EAEEAD682269C661005E1C2A /* Embed Frameworks */ = {
			isa = PBXCopyFilesBuildPhase;
			buildActionMask = 2147483647;
			dstPath = "";
			dstSubfolderSpec = 10;
			files = (
			);
			name = "Embed Frameworks";
			runOnlyForDeploymentPostprocessing = 0;
		};
/* End PBXCopyFilesBuildPhase section */

/* Begin PBXFileReference section */
		72A6C54244C9B718C8F201E9 /* Pods-rss.debug.xcconfig */ = {isa = PBXFileReference; includeInIndex = 1; lastKnownFileType = text.xcconfig; name = "Pods-rss.debug.xcconfig"; path = "Target Support Files/Pods-rss/Pods-rss.debug.xcconfig"; sourceTree = "<group>"; };
		BF5C36798489EA3C3D563D73 /* Pods_rss.framework */ = {isa = PBXFileReference; explicitFileType = wrapper.framework; includeInIndex = 0; path = Pods_rss.framework; sourceTree = BUILT_PRODUCTS_DIR; };
		E1D8CAC8BE7D358171D95796 /* Pods-rss.release.xcconfig */ = {isa = PBXFileReference; includeInIndex = 1; lastKnownFileType = text.xcconfig; name = "Pods-rss.release.xcconfig"; path = "Target Support Files/Pods-rss/Pods-rss.release.xcconfig"; sourceTree = "<group>"; };
		EA2E60E6226AFE5100CD72F3 /* CoreDataHelper.swift */ = {isa = PBXFileReference; lastKnownFileType = sourcecode.swift; path = CoreDataHelper.swift; sourceTree = "<group>"; };
		EA2E60F1226AFE6C00CD72F3 /* RSSHelper.swift */ = {isa = PBXFileReference; lastKnownFileType = sourcecode.swift; path = RSSHelper.swift; sourceTree = "<group>"; };
		EA2E60F3226B080800CD72F3 /* Extension.swift */ = {isa = PBXFileReference; lastKnownFileType = sourcecode.swift; path = Extension.swift; sourceTree = "<group>"; };
		EAC3D7EE226A25CB00D7B5C5 /* MainTableViewController.swift */ = {isa = PBXFileReference; lastKnownFileType = sourcecode.swift; path = MainTableViewController.swift; sourceTree = "<group>"; };
		EAC3D7F4226A26BE00D7B5C5 /* FeedItemCell.swift */ = {isa = PBXFileReference; lastKnownFileType = sourcecode.swift; path = FeedItemCell.swift; sourceTree = "<group>"; };
		EAE0792022858B7C00DA010B /* FeedNameCell.swift */ = {isa = PBXFileReference; fileEncoding = 4; lastKnownFileType = sourcecode.swift; path = FeedNameCell.swift; sourceTree = "<group>"; };
		EAEEAD0A2269C569005E1C2A /* rss.app */ = {isa = PBXFileReference; explicitFileType = wrapper.application; includeInIndex = 0; path = rss.app; sourceTree = BUILT_PRODUCTS_DIR; };
		EAEEAD0D2269C569005E1C2A /* AppDelegate.swift */ = {isa = PBXFileReference; lastKnownFileType = sourcecode.swift; path = AppDelegate.swift; sourceTree = "<group>"; };
		EAEEAD122269C569005E1C2A /* Base */ = {isa = PBXFileReference; lastKnownFileType = file.storyboard; name = Base; path = Base.lproj/Main.storyboard; sourceTree = "<group>"; };
		EAEEAD152269C569005E1C2A /* rss.xcdatamodel */ = {isa = PBXFileReference; lastKnownFileType = wrapper.xcdatamodel; path = rss.xcdatamodel; sourceTree = "<group>"; };
		EAEEAD172269C56C005E1C2A /* Assets.xcassets */ = {isa = PBXFileReference; lastKnownFileType = folder.assetcatalog; path = Assets.xcassets; sourceTree = "<group>"; };
		EAEEAD1A2269C56C005E1C2A /* Base */ = {isa = PBXFileReference; lastKnownFileType = file.storyboard; name = Base; path = Base.lproj/LaunchScreen.storyboard; sourceTree = "<group>"; };
		EAEEAD1C2269C56C005E1C2A /* Info.plist */ = {isa = PBXFileReference; lastKnownFileType = text.plist.xml; path = Info.plist; sourceTree = "<group>"; };
/* End PBXFileReference section */

/* Begin PBXFrameworksBuildPhase section */
		EAEEAD072269C569005E1C2A /* Frameworks */ = {
			isa = PBXFrameworksBuildPhase;
			buildActionMask = 2147483647;
			files = (
				EA5CDD72226C3AA600CC7581 /* Pods_rss.framework in Frameworks */,
			);
			runOnlyForDeploymentPostprocessing = 0;
		};
/* End PBXFrameworksBuildPhase section */

/* Begin PBXGroup section */
		DA8570AFC4919347F43175B8 /* Frameworks */ = {
			isa = PBXGroup;
			children = (
				BF5C36798489EA3C3D563D73 /* Pods_rss.framework */,
			);
			name = Frameworks;
			sourceTree = "<group>";
		};
		E538035185CA317B13CB5445 /* Pods */ = {
			isa = PBXGroup;
			children = (
				72A6C54244C9B718C8F201E9 /* Pods-rss.debug.xcconfig */,
				E1D8CAC8BE7D358171D95796 /* Pods-rss.release.xcconfig */,
			);
			path = Pods;
			sourceTree = "<group>";
		};
		EAEEAD012269C569005E1C2A = {
			isa = PBXGroup;
			children = (
				EAEEAD0C2269C569005E1C2A /* rss */,
				EAEEAD0B2269C569005E1C2A /* Products */,
				E538035185CA317B13CB5445 /* Pods */,
				DA8570AFC4919347F43175B8 /* Frameworks */,
			);
			sourceTree = "<group>";
		};
		EAEEAD0B2269C569005E1C2A /* Products */ = {
			isa = PBXGroup;
			children = (
				EAEEAD0A2269C569005E1C2A /* rss.app */,
			);
			name = Products;
			sourceTree = "<group>";
		};
		EAEEAD0C2269C569005E1C2A /* rss */ = {
			isa = PBXGroup;
			children = (
				EA2E60E6226AFE5100CD72F3 /* CoreDataHelper.swift */,
				EA2E60F1226AFE6C00CD72F3 /* RSSHelper.swift */,
				EAEEAD0D2269C569005E1C2A /* AppDelegate.swift */,
				EAC3D7EE226A25CB00D7B5C5 /* MainTableViewController.swift */,
				EA2E60F3226B080800CD72F3 /* Extension.swift */,
				EAE0792022858B7C00DA010B /* FeedNameCell.swift */,
				EAC3D7F4226A26BE00D7B5C5 /* FeedItemCell.swift */,
				EAEEAD112269C569005E1C2A /* Main.storyboard */,
				EAEEAD172269C56C005E1C2A /* Assets.xcassets */,
				EAEEAD192269C56C005E1C2A /* LaunchScreen.storyboard */,
				EAEEAD1C2269C56C005E1C2A /* Info.plist */,
				EAEEAD142269C569005E1C2A /* rss.xcdatamodeld */,
			);
			path = rss;
			sourceTree = "<group>";
		};
/* End PBXGroup section */

/* Begin PBXNativeTarget section */
		EAEEAD092269C569005E1C2A /* rss */ = {
			isa = PBXNativeTarget;
			buildConfigurationList = EAEEAD1F2269C56C005E1C2A /* Build configuration list for PBXNativeTarget "rss" */;
			buildPhases = (
				EFEF96B32B4778D096187979 /* [CP] Check Pods Manifest.lock */,
				EAEEAD062269C569005E1C2A /* Sources */,
				EAEEAD072269C569005E1C2A /* Frameworks */,
				EAEEAD082269C569005E1C2A /* Resources */,
				EAEEAD682269C661005E1C2A /* Embed Frameworks */,
				5D50C333BCF4171798FB83A9 /* [CP] Embed Pods Frameworks */,
			);
			buildRules = (
			);
			dependencies = (
			);
			name = rss;
			productName = rss;
			productReference = EAEEAD0A2269C569005E1C2A /* rss.app */;
			productType = "com.apple.product-type.application";
		};
/* End PBXNativeTarget section */

/* Begin PBXProject section */
		EAEEAD022269C569005E1C2A /* Project object */ = {
			isa = PBXProject;
			attributes = {
				KnownAssetTags = (
					New,
				);
				LastSwiftUpdateCheck = 1020;
				LastUpgradeCheck = 1020;
				ORGANIZATIONNAME = TONY;
				TargetAttributes = {
					EAEEAD092269C569005E1C2A = {
						CreatedOnToolsVersion = 10.2;
						LastSwiftMigration = 1020;
					};
				};
			};
			buildConfigurationList = EAEEAD052269C569005E1C2A /* Build configuration list for PBXProject "rss" */;
			compatibilityVersion = "Xcode 9.3";
			developmentRegion = en;
			hasScannedForEncodings = 0;
			knownRegions = (
				en,
				Base,
			);
			mainGroup = EAEEAD012269C569005E1C2A;
			productRefGroup = EAEEAD0B2269C569005E1C2A /* Products */;
			projectDirPath = "";
			projectRoot = "";
			targets = (
				EAEEAD092269C569005E1C2A /* rss */,
			);
		};
/* End PBXProject section */

/* Begin PBXResourcesBuildPhase section */
		EAEEAD082269C569005E1C2A /* Resources */ = {
			isa = PBXResourcesBuildPhase;
			buildActionMask = 2147483647;
			files = (
				EAEEAD1B2269C56C005E1C2A /* LaunchScreen.storyboard in Resources */,
				EAEEAD182269C56C005E1C2A /* Assets.xcassets in Resources */,
				EAEEAD132269C569005E1C2A /* Main.storyboard in Resources */,
			);
			runOnlyForDeploymentPostprocessing = 0;
		};
/* End PBXResourcesBuildPhase section */

/* Begin PBXShellScriptBuildPhase section */
		5D50C333BCF4171798FB83A9 /* [CP] Embed Pods Frameworks */ = {
			isa = PBXShellScriptBuildPhase;
			buildActionMask = 2147483647;
			files = (
			);
			inputFileListPaths = (
			);
			inputPaths = (
				"${PODS_ROOT}/Target Support Files/Pods-rss/Pods-rss-frameworks.sh",
				"${BUILT_PRODUCTS_DIR}/FeedKit/FeedKit.framework",
				"${BUILT_PRODUCTS_DIR}/SwiftWebVC/SwiftWebVC.framework",
			);
			name = "[CP] Embed Pods Frameworks";
			outputFileListPaths = (
			);
			outputPaths = (
				"${TARGET_BUILD_DIR}/${FRAMEWORKS_FOLDER_PATH}/FeedKit.framework",
				"${TARGET_BUILD_DIR}/${FRAMEWORKS_FOLDER_PATH}/SwiftWebVC.framework",
			);
			runOnlyForDeploymentPostprocessing = 0;
			shellPath = /bin/sh;
			shellScript = "\"${PODS_ROOT}/Target Support Files/Pods-rss/Pods-rss-frameworks.sh\"\n";
			showEnvVarsInLog = 0;
		};
		EFEF96B32B4778D096187979 /* [CP] Check Pods Manifest.lock */ = {
			isa = PBXShellScriptBuildPhase;
			buildActionMask = 2147483647;
			files = (
			);
			inputFileListPaths = (
			);
			inputPaths = (
				"${PODS_PODFILE_DIR_PATH}/Podfile.lock",
				"${PODS_ROOT}/Manifest.lock",
			);
			name = "[CP] Check Pods Manifest.lock";
			outputFileListPaths = (
			);
			outputPaths = (
				"$(DERIVED_FILE_DIR)/Pods-rss-checkManifestLockResult.txt",
			);
			runOnlyForDeploymentPostprocessing = 0;
			shellPath = /bin/sh;
			shellScript = "diff \"${PODS_PODFILE_DIR_PATH}/Podfile.lock\" \"${PODS_ROOT}/Manifest.lock\" > /dev/null\nif [ $? != 0 ] ; then\n    # print error to STDERR\n    echo \"error: The sandbox is not in sync with the Podfile.lock. Run 'pod install' or update your CocoaPods installation.\" >&2\n    exit 1\nfi\n# This output is used by Xcode 'outputs' to avoid re-running this script phase.\necho \"SUCCESS\" > \"${SCRIPT_OUTPUT_FILE_0}\"\n";
			showEnvVarsInLog = 0;
		};
/* End PBXShellScriptBuildPhase section */

/* Begin PBXSourcesBuildPhase section */
		EAEEAD062269C569005E1C2A /* Sources */ = {
			isa = PBXSourcesBuildPhase;
			buildActionMask = 2147483647;
			files = (
				EAC3D7F5226A26BE00D7B5C5 /* FeedItemCell.swift in Sources */,
				EAEEAD162269C569005E1C2A /* rss.xcdatamodeld in Sources */,
				EAE0792122858B7C00DA010B /* FeedNameCell.swift in Sources */,
				EA2E60F2226AFE6C00CD72F3 /* RSSHelper.swift in Sources */,
				EA2E60E7226AFE5100CD72F3 /* CoreDataHelper.swift in Sources */,
				EAC3D7EF226A25CB00D7B5C5 /* MainTableViewController.swift in Sources */,
				EAEEAD0E2269C569005E1C2A /* AppDelegate.swift in Sources */,
				EA2E60F4226B080800CD72F3 /* Extension.swift in Sources */,
			);
			runOnlyForDeploymentPostprocessing = 0;
		};
/* End PBXSourcesBuildPhase section */

/* Begin PBXVariantGroup section */
		EAEEAD112269C569005E1C2A /* Main.storyboard */ = {
			isa = PBXVariantGroup;
			children = (
				EAEEAD122269C569005E1C2A /* Base */,
			);
			name = Main.storyboard;
			sourceTree = "<group>";
		};
		EAEEAD192269C56C005E1C2A /* LaunchScreen.storyboard */ = {
			isa = PBXVariantGroup;
			children = (
				EAEEAD1A2269C56C005E1C2A /* Base */,
			);
			name = LaunchScreen.storyboard;
			sourceTree = "<group>";
		};
/* End PBXVariantGroup section */

/* Begin XCBuildConfiguration section */
		EAEEAD1E2269C56C005E1C2A /* Release */ = {
			isa = XCBuildConfiguration;
			buildSettings = {
				ALWAYS_SEARCH_USER_PATHS = NO;
				CLANG_ANALYZER_NONNULL = YES;
				CLANG_ANALYZER_NUMBER_OBJECT_CONVERSION = YES_AGGRESSIVE;
				CLANG_CXX_LANGUAGE_STANDARD = "gnu++14";
				CLANG_CXX_LIBRARY = "libc++";
				CLANG_ENABLE_MODULES = YES;
				CLANG_ENABLE_OBJC_ARC = YES;
				CLANG_ENABLE_OBJC_WEAK = YES;
				CLANG_WARN_BLOCK_CAPTURE_AUTORELEASING = YES;
				CLANG_WARN_BOOL_CONVERSION = YES;
				CLANG_WARN_COMMA = YES;
				CLANG_WARN_CONSTANT_CONVERSION = YES;
				CLANG_WARN_DEPRECATED_OBJC_IMPLEMENTATIONS = YES;
				CLANG_WARN_DIRECT_OBJC_ISA_USAGE = YES_ERROR;
				CLANG_WARN_DOCUMENTATION_COMMENTS = YES;
				CLANG_WARN_EMPTY_BODY = YES;
				CLANG_WARN_ENUM_CONVERSION = YES;
				CLANG_WARN_INFINITE_RECURSION = YES;
				CLANG_WARN_INT_CONVERSION = YES;
				CLANG_WARN_NON_LITERAL_NULL_CONVERSION = YES;
				CLANG_WARN_OBJC_IMPLICIT_RETAIN_SELF = YES;
				CLANG_WARN_OBJC_LITERAL_CONVERSION = YES;
				CLANG_WARN_OBJC_ROOT_CLASS = YES_ERROR;
				CLANG_WARN_RANGE_LOOP_ANALYSIS = YES;
				CLANG_WARN_STRICT_PROTOTYPES = YES;
				CLANG_WARN_SUSPICIOUS_MOVE = YES;
				CLANG_WARN_UNGUARDED_AVAILABILITY = YES_AGGRESSIVE;
				CLANG_WARN_UNREACHABLE_CODE = YES;
				CLANG_WARN__DUPLICATE_METHOD_MATCH = YES;
				CODE_SIGN_IDENTITY = "iPhone Developer";
				COPY_PHASE_STRIP = NO;
				DEBUG_INFORMATION_FORMAT = "dwarf-with-dsym";
				ENABLE_NS_ASSERTIONS = NO;
				ENABLE_STRICT_OBJC_MSGSEND = YES;
				GCC_C_LANGUAGE_STANDARD = gnu11;
				GCC_NO_COMMON_BLOCKS = YES;
				GCC_WARN_64_TO_32_BIT_CONVERSION = YES;
				GCC_WARN_ABOUT_RETURN_TYPE = YES_ERROR;
				GCC_WARN_UNDECLARED_SELECTOR = YES;
				GCC_WARN_UNINITIALIZED_AUTOS = YES_AGGRESSIVE;
				GCC_WARN_UNUSED_FUNCTION = YES;
				GCC_WARN_UNUSED_VARIABLE = YES;
				IPHONEOS_DEPLOYMENT_TARGET = 12.2;
				MTL_ENABLE_DEBUG_INFO = NO;
				MTL_FAST_MATH = YES;
				SDKROOT = iphoneos;
				SWIFT_COMPILATION_MODE = wholemodule;
				SWIFT_OPTIMIZATION_LEVEL = "-O";
				VALIDATE_PRODUCT = YES;
			};
			name = Release;
		};
		EAEEAD212269C56C005E1C2A /* Release */ = {
			isa = XCBuildConfiguration;
			baseConfigurationReference = E1D8CAC8BE7D358171D95796 /* Pods-rss.release.xcconfig */;
			buildSettings = {
				ASSETCATALOG_COMPILER_APPICON_NAME = AppIcon;
				CLANG_ENABLE_MODULES = YES;
				CODE_SIGN_STYLE = Automatic;
				DEVELOPMENT_TEAM = 6VA2MCZ893;
				INFOPLIST_FILE = rss/Info.plist;
				LD_RUNPATH_SEARCH_PATHS = (
					"$(inherited)",
					"@executable_path/Frameworks",
				);
				PRODUCT_BUNDLE_IDENTIFIER = ru.tony.rss;
				PRODUCT_NAME = "$(TARGET_NAME)";
				SWIFT_VERSION = 5.0;
				TARGETED_DEVICE_FAMILY = "1,2";
			};
			name = Release;
		};
/* End XCBuildConfiguration section */

/* Begin XCConfigurationList section */
		EAEEAD052269C569005E1C2A /* Build configuration list for PBXProject "rss" */ = {
			isa = XCConfigurationList;
			buildConfigurations = (
				EAEEAD1E2269C56C005E1C2A /* Release */,
			);
			defaultConfigurationIsVisible = 0;
			defaultConfigurationName = Release;
		};
		EAEEAD1F2269C56C005E1C2A /* Build configuration list for PBXNativeTarget "rss" */ = {
			isa = XCConfigurationList;
			buildConfigurations = (
				EAEEAD212269C56C005E1C2A /* Release */,
			);
			defaultConfigurationIsVisible = 0;
			defaultConfigurationName = Release;
		};
/* End XCConfigurationList section */

/* Begin XCVersionGroup section */
		EAEEAD142269C569005E1C2A /* rss.xcdatamodeld */ = {
			isa = XCVersionGroup;
			children = (
				EAEEAD152269C569005E1C2A /* rss.xcdatamodel */,
			);
			currentVersion = EAEEAD152269C569005E1C2A /* rss.xcdatamodel */;
			path = rss.xcdatamodeld;
			sourceTree = "<group>";
			versionGroupType = wrapper.xcdatamodel;
		};
/* End XCVersionGroup section */
	};
	rootObject = EAEEAD022269C569005E1C2A /* Project object */;
}
